<?xml version="1.0" encoding="utf-8"?>
<Project ToolsVersion="4.0" xmlns="http://schemas.microsoft.com/developer/msbuild/2003">
  <ItemGroup>
    <Filter Include="Source Files">
      <UniqueIdentifier>{4FC737F1-C7A5-4376-A066-2A32D752A2FF}</UniqueIdentifier>
      <Extensions>cpp;c;cc;cxx;c++;cppm;ixx;def;odl;idl;hpj;bat;asm;asmx</Extensions>
    </Filter>
    <Filter Include="Header Files">
      <UniqueIdentifier>{93995380-89BD-4b04-88EB-625FBE52EBFB}</UniqueIdentifier>
      <Extensions>h;hh;hpp;hxx;h++;hm;inl;inc;ipp;xsd</Extensions>
    </Filter>
    <Filter Include="Resource Files">
      <UniqueIdentifier>{67DA6AB6-F800-4c08-8B7A-83BB121AAD01}</UniqueIdentifier>
      <Extensions>rc;ico;cur;bmp;dlg;rc2;rct;bin;rgs;gif;jpg;jpeg;jpe;resx;tiff;tif;png;wav;mfcribbon-ms</Extensions>
    </Filter>
    <Filter Include="Resource Files\VertexShader">
      <UniqueIdentifier>{5dd18f05-f31c-49ae-b27b-12d4ce3fd7ee}</UniqueIdentifier>
    </Filter>
    <Filter Include="Resource Files\FragmentShader">
      <UniqueIdentifier>{0008b966-79e4-4063-ac69-853f864e74db}</UniqueIdentifier>
    </Filter>
    <Filter Include="Resource Files\GeometryShader">
      <UniqueIdentifier>{a291186d-a962-4ece-834c-05cfa7a4a17e}</UniqueIdentifier>
    </Filter>
    <Filter Include="Resource Files\Tesselletion">
      <UniqueIdentifier>{a967749e-69a8-487d-9a80-85e4fb9476a1}</UniqueIdentifier>
    </Filter>
    <Filter Include="Source Files\Utils">
      <UniqueIdentifier>{17aa149a-0304-4efd-aeff-3b678631ab33}</UniqueIdentifier>
    </Filter>
    <Filter Include="Header Files\imGui_h">
      <UniqueIdentifier>{38281004-6cb1-43cd-bd54-b50206fb227e}</UniqueIdentifier>
    </Filter>
    <Filter Include="Source Files\imGui">
      <UniqueIdentifier>{e26bc905-6d03-4f5d-a53d-8f7a83d4221b}</UniqueIdentifier>
    </Filter>
    <Filter Include="Header Files\utils">
      <UniqueIdentifier>{0c714b53-74ce-4ad6-be78-b47a45238039}</UniqueIdentifier>
    </Filter>
    <Filter Include="Resource Files\computeShader">
      <UniqueIdentifier>{3bb18dae-ca50-4a16-89b4-cbbee634a27b}</UniqueIdentifier>
    </Filter>
  </ItemGroup>
  <ItemGroup>
    <ClCompile Include="external\glad\src\glad.c">
      <Filter>Source Files\Utils</Filter>
    </ClCompile>
    <ClCompile Include="src\main.cpp">
      <Filter>Source Files</Filter>
    </ClCompile>
    <ClCompile Include="src\imGui\imgui_widgets.cpp">
      <Filter>Source Files\imGui</Filter>
    </ClCompile>
    <ClCompile Include="src\imGui\imgui.cpp">
      <Filter>Source Files\imGui</Filter>
    </ClCompile>
    <ClCompile Include="src\imGui\imgui_demo.cpp">
      <Filter>Source Files\imGui</Filter>
    </ClCompile>
    <ClCompile Include="src\imGui\imgui_draw.cpp">
      <Filter>Source Files\imGui</Filter>
    </ClCompile>
    <ClCompile Include="src\imGui\imgui_impl_glfw.cpp">
      <Filter>Source Files\imGui</Filter>
    </ClCompile>
    <ClCompile Include="src\imGui\imgui_impl_opengl3.cpp">
      <Filter>Source Files\imGui</Filter>
    </ClCompile>
    <ClCompile Include="src\imGui\imgui_tables.cpp">
      <Filter>Source Files\imGui</Filter>
    </ClCompile>
    <ClCompile Include="src\GUI.cpp">
      <Filter>Source Files</Filter>
    </ClCompile>
    <ClCompile Include="src\light.cpp">
      <Filter>Source Files</Filter>
    </ClCompile>
    <ClCompile Include="src\scene.cpp">
      <Filter>Source Files</Filter>
    </ClCompile>
    <ClCompile Include="src\renderer.cpp">
      <Filter>Source Files</Filter>
    </ClCompile>
    <ClCompile Include="src\water.cpp">
      <Filter>Source Files</Filter>
    </ClCompile>
    <ClCompile Include="src\FramebufferManager.cpp">
      <Filter>Source Files</Filter>
    </ClCompile>
    <ClCompile Include="src\waterFFT.cpp">
      <Filter>Source Files</Filter>
    </ClCompile>
    <ClCompile Include="src\model.cpp">
      <Filter>Source Files</Filter>
    </ClCompile>
    <ClCompile Include="src\terrain.cpp">
      <Filter>Source Files</Filter>
    </ClCompile>
    <ClCompile Include="src\shadow.cpp">
      <Filter>Source Files</Filter>
    </ClCompile>
  </ItemGroup>
  <ItemGroup>
    <ClInclude Include="src\animator.h">
      <Filter>Header Files</Filter>
    </ClInclude>
    <ClInclude Include="src\camera.h">
      <Filter>Header Files</Filter>
    </ClInclude>
    <ClInclude Include="src\grass.h">
      <Filter>Header Files</Filter>
    </ClInclude>
    <ClInclude Include="src\loadModel.h">
      <Filter>Header Files</Filter>
    </ClInclude>
    <ClInclude Include="src\noise.h">
      <Filter>Header Files</Filter>
    </ClInclude>
    <ClInclude Include="src\Perlin.h">
      <Filter>Header Files</Filter>
    </ClInclude>
    <ClInclude Include="src\plane.h">
      <Filter>Header Files</Filter>
    </ClInclude>
    <ClInclude Include="src\shader_m.h">
      <Filter>Header Files</Filter>
    </ClInclude>
    <ClInclude Include="src\skybox.h">
      <Filter>Header Files</Filter>
    </ClInclude>
    <ClInclude Include="src\imGui\imconfig.h">
      <Filter>Header Files\imGui_h</Filter>
    </ClInclude>
    <ClInclude Include="src\imGui\imgui.h">
      <Filter>Header Files\imGui_h</Filter>
    </ClInclude>
    <ClInclude Include="src\imGui\imgui_impl_glfw.h">
      <Filter>Header Files\imGui_h</Filter>
    </ClInclude>
    <ClInclude Include="src\imGui\imgui_impl_opengl3.h">
      <Filter>Header Files\imGui_h</Filter>
    </ClInclude>
    <ClInclude Include="src\imGui\imgui_impl_opengl3_loader.h">
      <Filter>Header Files\imGui_h</Filter>
    </ClInclude>
    <ClInclude Include="src\imGui\imgui_internal.h">
      <Filter>Header Files\imGui_h</Filter>
    </ClInclude>
    <ClInclude Include="src\imGui\imstb_rectpack.h">
      <Filter>Header Files\imGui_h</Filter>
    </ClInclude>
    <ClInclude Include="src\imGui\imstb_textedit.h">
      <Filter>Header Files\imGui_h</Filter>
    </ClInclude>
    <ClInclude Include="src\imGui\imstb_truetype.h">
      <Filter>Header Files\imGui_h</Filter>
    </ClInclude>
    <ClInclude Include="src\interpolate.h">
      <Filter>Header Files\utils</Filter>
    </ClInclude>
    <ClInclude Include="src\GUI.h">
      <Filter>Header Files</Filter>
    </ClInclude>
    <ClInclude Include="src\light.h">
      <Filter>Header Files</Filter>
    </ClInclude>
    <ClInclude Include="src\scene.h">
      <Filter>Header Files</Filter>
    </ClInclude>
    <ClInclude Include="src\renderer.h">
      <Filter>Header Files</Filter>
    </ClInclude>
    <ClInclude Include="src\cube.h">
      <Filter>Header Files</Filter>
    </ClInclude>
    <ClInclude Include="src\water.h">
      <Filter>Header Files</Filter>
    </ClInclude>
    <ClInclude Include="src\FramebufferManager.h">
      <Filter>Header Files</Filter>
    </ClInclude>
    <ClInclude Include="src\sphere.h">
      <Filter>Header Files</Filter>
    </ClInclude>
    <ClInclude Include="src\waterFFT.h">
      <Filter>Header Files</Filter>
    </ClInclude>
    <ClInclude Include="src\computeShader.h">
      <Filter>Header Files</Filter>
    </ClInclude>
    <ClInclude Include="src\material.h">
      <Filter>Header Files</Filter>
    </ClInclude>
    <ClInclude Include="src\shader_t.h">
      <Filter>Header Files</Filter>
    </ClInclude>
    <ClInclude Include="src\model.h">
      <Filter>Header Files</Filter>
    </ClInclude>
    <ClInclude Include="src\transformation.h">
      <Filter>Header Files\utils</Filter>
    </ClInclude>
    <ClInclude Include="src\terrain.h">
      <Filter>Header Files</Filter>
    </ClInclude>
    <ClInclude Include="src\shadow.h">
      <Filter>Header Files</Filter>
    </ClInclude>
    <ClInclude Include="src\renderObject.h">
      <Filter>Header Files</Filter>
    </ClInclude>
  </ItemGroup>
  <ItemGroup>
    <None Include="src\shader\cube.vs">
      <Filter>Resource Files\VertexShader</Filter>
    </None>
    <None Include="src\shader\grass.vs">
      <Filter>Resource Files\VertexShader</Filter>
    </None>
    <None Include="src\shader\light_cube.vs">
      <Filter>Resource Files\VertexShader</Filter>
    </None>
    <None Include="src\shader\normalLine.vs">
      <Filter>Resource Files\VertexShader</Filter>
    </None>
    <None Include="src\shader\plane.vs">
      <Filter>Resource Files\VertexShader</Filter>
    </None>
    <None Include="src\shader\debugPlane.vs">
      <Filter>Resource Files\VertexShader</Filter>
    </None>
    <None Include="src\shader\skybox.vs">
      <Filter>Resource Files\VertexShader</Filter>
    </None>
    <None Include="src\shader\cube.fs">
      <Filter>Resource Files\FragmentShader</Filter>
    </None>
    <None Include="src\shader\grass.fs">
      <Filter>Resource Files\FragmentShader</Filter>
    </None>
    <None Include="src\shader\light_cube.fs">
      <Filter>Resource Files\FragmentShader</Filter>
    </None>
    <None Include="src\shader\normalLine.fs">
      <Filter>Resource Files\FragmentShader</Filter>
    </None>
    <None Include="src\shader\plane.fs">
      <Filter>Resource Files\FragmentShader</Filter>
    </None>
    <None Include="src\shader\debugPlane.fs">
      <Filter>Resource Files\FragmentShader</Filter>
    </None>
    <None Include="src\shader\skybox.fs">
      <Filter>Resource Files\FragmentShader</Filter>
    </None>
    <None Include="src\shader\normalLine.gs">
      <Filter>Resource Files\GeometryShader</Filter>
    </None>
    <None Include="src\shader\normalMapping.gs">
      <Filter>Resource Files\GeometryShader</Filter>
    </None>
    <None Include="src\shader\skeletal.gs">
      <Filter>Resource Files\GeometryShader</Filter>
    </None>
    <None Include="src\shader\TessellationControlShader.tcs">
      <Filter>Resource Files\Tesselletion</Filter>
    </None>
    <None Include="src\shader\TessellationEvaluationShader.tes">
      <Filter>Resource Files\Tesselletion</Filter>
    </None>
    <None Include="src\shader\water.fs">
      <Filter>Resource Files\FragmentShader</Filter>
    </None>
    <None Include="src\shader\water.vs">
      <Filter>Resource Files\VertexShader</Filter>
    </None>
    <None Include="src\shader\framebufferShader.fs">
      <Filter>Resource Files\FragmentShader</Filter>
    </None>
    <None Include="src\shader\framebufferShader.vs">
      <Filter>Resource Files\VertexShader</Filter>
    </None>
    <None Include="src\shader\sphere.vs">
      <Filter>Resource Files\VertexShader</Filter>
    </None>
    <None Include="src\shader\sphere.fs">
      <Filter>Resource Files\FragmentShader</Filter>
    </None>
    <None Include="src\shader\waterFFT.fs">
      <Filter>Resource Files\FragmentShader</Filter>
    </None>
    <None Include="src\shader\waterFFT.vs">
      <Filter>Resource Files\VertexShader</Filter>
    </None>
    <None Include="src\shader\noise.sc">
      <Filter>Resource Files\computeShader</Filter>
    </None>
    <None Include="src\shader\patchPlane.vs">
      <Filter>Resource Files\VertexShader</Filter>
    </None>
    <None Include="src\shader\patchPlane.fs">
      <Filter>Resource Files\FragmentShader</Filter>
    </None>
    <None Include="src\shader\pbr.vs">
      <Filter>Resource Files\VertexShader</Filter>
    </None>
    <None Include="src\shader\pbr.fs">
      <Filter>Resource Files\FragmentShader</Filter>
    </None>
    <None Include="src\shader\irradianceShader.fs">
      <Filter>Resource Files\FragmentShader</Filter>
    </None>
    <None Include="src\shader\irradianceShader.vs">
      <Filter>Resource Files\VertexShader</Filter>
    </None>
    <None Include="src\shader\preFilterShader.fs">
      <Filter>Resource Files\FragmentShader</Filter>
    </None>
    <None Include="src\shader\preFilterShader.vs">
      <Filter>Resource Files\VertexShader</Filter>
    </None>
    <None Include="src\shader\LUTShader.vs">
      <Filter>Resource Files\VertexShader</Filter>
    </None>
    <None Include="src\shader\LUTShader.fs">
      <Filter>Resource Files\FragmentShader</Filter>
    </None>
    <None Include="src\shader\combineTextureShader.fs">
      <Filter>Resource Files\FragmentShader</Filter>
    </None>
    <None Include="src\shader\combineTextureShader.vs">
      <Filter>Resource Files\VertexShader</Filter>
    </None>
    <None Include="src\shader\shadowMappingShader.fs">
      <Filter>Resource Files\FragmentShader</Filter>
    </None>
    <None Include="src\shader\shadowMappingShader.vs">
      <Filter>Resource Files\VertexShader</Filter>
    </None>
    <None Include="src\shader\shadowCubeMappingShader.fs">
      <Filter>Resource Files\FragmentShader</Filter>
    </None>
    <None Include="src\shader\shadowCubeMappingShader.gs">
      <Filter>Resource Files\GeometryShader</Filter>
    </None>
    <None Include="src\shader\shadowCubeMappingShader.vs">
      <Filter>Resource Files\VertexShader</Filter>
    </None>
    <None Include="src\shader\waterFFT.tcs">
      <Filter>Resource Files\Tesselletion</Filter>
    </None>
    <None Include="src\shader\waterFFT.tes">
      <Filter>Resource Files\Tesselletion</Filter>
    </None>
    <None Include="src\shader\waterFFT_InitSpectrum.sc">
      <Filter>Resource Files\computeShader</Filter>
    </None>
    <None Include="src\shader\waterFFT_UpdateSpectrum.sc">
      <Filter>Resource Files\computeShader</Filter>
    </None>
    <None Include="src\shader\waterFFT_PackSpectrumConjugate.sc">
      <Filter>Resource Files\computeShader</Filter>
    </None>
    <None Include="src\shader\waterFFT_FFTHorizontal.sc">
      <Filter>Resource Files\computeShader</Filter>
    </None>
    <None Include="src\shader\waterFFT_FFTVertical.sc">
      <Filter>Resource Files\computeShader</Filter>
    </None>
    <None Include="src\shader\waterFFT_AssembleMaps.sc">
      <Filter>Resource Files\computeShader</Filter>
    </None>
    <None Include="src\shader\perlinNoise.sc">
      <Filter>Resource Files\computeShader</Filter>
    </None>
    <None Include="src\shader\gBufferShader.vs">
      <Filter>Resource Files\VertexShader</Filter>
    </None>
    <None Include="src\shader\gBufferShader.fs">
      <Filter>Resource Files\FragmentShader</Filter>
    </None>
    <None Include="src\shader\ssaoShader.fs">
      <Filter>Resource Files\FragmentShader</Filter>
    </None>
    <None Include="src\shader\ssaoShader.vs">
      <Filter>Resource Files\VertexShader</Filter>
    </None>
    <None Include="src\shader\ssaoBlurShader.fs">
      <Filter>Resource Files\FragmentShader</Filter>
    </None>
    <None Include="src\shader\ssaoBlurShader.vs">
      <Filter>Resource Files\VertexShader</Filter>
    </None>
    <None Include="src\shader\deferredShader.fs">
      <Filter>Resource Files\FragmentShader</Filter>
    </None>
    <None Include="src\shader\deferredShader.vs">
      <Filter>Resource Files\VertexShader</Filter>
    </None>
  </ItemGroup>
</Project>